
Microsoft Visual Studio Solution File, Format Version 12.00
Project("{2150E333-8FDC-42A3-9474-1A3956D46DE8}") = "Agent", "Agent", "{F5878792-64C8-4ECF-A075-66341FF97127}"
EndProject
Project("{2150E333-8FDC-42A3-9474-1A3956D46DE8}") = "Common", "Common", "{01CB1A81-8950-471C-BFDF-F135FDDB2C18}"
EndProject
Project("{2150E333-8FDC-42A3-9474-1A3956D46DE8}") = "Common.Tests", "Common.Tests", "{D781E00D-8563-4102-A0CD-477A679193B5}"
EndProject
Project("{2150E333-8FDC-42A3-9474-1A3956D46DE8}") = "Server", "Server", "{8AC8FB6C-033A-4626-820F-ED0F908756B2}"
EndProject
Project("{2150E333-8FDC-42A3-9474-1A3956D46DE8}") = "Utils", "Utils", "{AA217EB8-E480-456B-BDF3-39419EF2AD85}"
EndProject
Project("{2150E333-8FDC-42A3-9474-1A3956D46DE8}") = "Utils.Tests", "Utils.Tests", "{7A3C7B26-26A0-49B9-8505-5F8267C10F10}"
EndProject
Project("{FAE04EC0-301F-11D3-BF4B-00C04F79EFBC}") = "Phantom.Agent", "Agent\Phantom.Agent\Phantom.Agent.csproj", "{418BE1BF-9F63-4B46-B4E4-DF64C3B3DDA7}"
EndProject
Project("{FAE04EC0-301F-11D3-BF4B-00C04F79EFBC}") = "Phantom.Agent.Minecraft", "Agent\Phantom.Agent.Minecraft\Phantom.Agent.Minecraft.csproj", "{9FE000D0-91AC-4CB4-8956-91CCC0270015}"
EndProject
Project("{FAE04EC0-301F-11D3-BF4B-00C04F79EFBC}") = "Phantom.Agent.Rpc", "Agent\Phantom.Agent.Rpc\Phantom.Agent.Rpc.csproj", "{665C7B87-0165-48BC-B6A6-17A3812A70C9}"
EndProject
Project("{FAE04EC0-301F-11D3-BF4B-00C04F79EFBC}") = "Phantom.Agent.Services", "Agent\Phantom.Agent.Services\Phantom.Agent.Services.csproj", "{AEE8B77E-AB07-423F-9981-8CD829ACB834}"
EndProject
Project("{FAE04EC0-301F-11D3-BF4B-00C04F79EFBC}") = "Phantom.Common.Data", "Common\Phantom.Common.Data\Phantom.Common.Data.csproj", "{6C3DB1E5-F695-4D70-8F3A-78C2957274BE}"
EndProject
Project("{FAE04EC0-301F-11D3-BF4B-00C04F79EFBC}") = "Phantom.Common.Data.Tests", "Common\Phantom.Common.Data.Tests\Phantom.Common.Data.Tests.csproj", "{435D7981-DFDA-46A0-8CD8-CD8C117935D7}"
EndProject
Project("{FAE04EC0-301F-11D3-BF4B-00C04F79EFBC}") = "Phantom.Common.Logging", "Common\Phantom.Common.Logging\Phantom.Common.Logging.csproj", "{D7F55010-B3ED-42A5-8D83-E754FFC5F2A2}"
EndProject
Project("{FAE04EC0-301F-11D3-BF4B-00C04F79EFBC}") = "Phantom.Common.Minecraft", "Common\Phantom.Common.Minecraft\Phantom.Common.Minecraft.csproj", "{48278E42-17BB-442B-9877-ACCE0C02C268}"
EndProject
Project("{FAE04EC0-301F-11D3-BF4B-00C04F79EFBC}") = "Phantom.Common.Messages", "Common\Phantom.Common.Messages\Phantom.Common.Messages.csproj", "{95B55357-F8F0-48C2-A1C2-5EA997651783}"
EndProject
Project("{FAE04EC0-301F-11D3-BF4B-00C04F79EFBC}") = "Phantom.Server", "Server\Phantom.Server\Phantom.Server.csproj", "{A0F1C595-96B6-4DBF-8C16-6B99223F8F35}"
EndProject
Project("{FAE04EC0-301F-11D3-BF4B-00C04F79EFBC}") = "Phantom.Server.Database", "Server\Phantom.Server.Database\Phantom.Server.Database.csproj", "{E3AD566F-384A-489A-A3BB-EA3BA400C18C}"
EndProject
Project("{FAE04EC0-301F-11D3-BF4B-00C04F79EFBC}") = "Phantom.Server.Database.Postgres", "Server\Phantom.Server.Database.Postgres\Phantom.Server.Database.Postgres.csproj", "{81625B4A-3DB6-48BD-A739-D23DA02107D1}"
EndProject
Project("{FAE04EC0-301F-11D3-BF4B-00C04F79EFBC}") = "Phantom.Server.Minecraft", "Server\Phantom.Server.Minecraft\Phantom.Server.Minecraft.csproj", "{4B3B73E6-48DD-4846-87FD-DFB86619B67C}"
EndProject
Project("{FAE04EC0-301F-11D3-BF4B-00C04F79EFBC}") = "Phantom.Server.Rpc", "Server\Phantom.Server.Rpc\Phantom.Server.Rpc.csproj", "{79312D72-44E0-431D-96A4-4C0A066B9671}"
EndProject
Project("{FAE04EC0-301F-11D3-BF4B-00C04F79EFBC}") = "Phantom.Server.Services", "Server\Phantom.Server.Services\Phantom.Server.Services.csproj", "{90F0F1B1-EB0A-49C9-8DF0-1153A87F77C9}"
EndProject
Project("{FAE04EC0-301F-11D3-BF4B-00C04F79EFBC}") = "Phantom.Server.Web", "Server\Phantom.Server.Web\Phantom.Server.Web.csproj", "{7CA2E5FE-E507-4DC6-930C-E18711A9F856}"
EndProject
Project("{FAE04EC0-301F-11D3-BF4B-00C04F79EFBC}") = "Phantom.Server.Web.Bootstrap", "Server\Phantom.Server.Web.Bootstrap\Phantom.Server.Web.Bootstrap.proj", "{83FA86DB-34E4-4C2C-832C-90F491CA10C7}"
EndProject
Project("{FAE04EC0-301F-11D3-BF4B-00C04F79EFBC}") = "Phantom.Server.Web.Components", "Server\Phantom.Server.Web.Components\Phantom.Server.Web.Components.csproj", "{3F4F9059-F869-42D3-B92C-90D27ADFC42D}"
EndProject
Project("{FAE04EC0-301F-11D3-BF4B-00C04F79EFBC}") = "Phantom.Server.Web.Identity", "Server\Phantom.Server.Web.Identity\Phantom.Server.Web.Identity.csproj", "{A9870842-FE7A-4760-95DC-9D485DDDA31F}"
EndProject
Project("{FAE04EC0-301F-11D3-BF4B-00C04F79EFBC}") = "Phantom.Utils.Collections", "Utils\Phantom.Utils.Collections\Phantom.Utils.Collections.csproj", "{444AC6C1-E0E1-45C3-965E-BFA818D70913}"
EndProject
Project("{FAE04EC0-301F-11D3-BF4B-00C04F79EFBC}") = "Phantom.Utils.Collections.Tests", "Utils\Phantom.Utils.Collections.Tests\Phantom.Utils.Collections.Tests.csproj", "{C418CCDB-2D7E-4B66-8C86-029928AA80A8}"
EndProject
Project("{FAE04EC0-301F-11D3-BF4B-00C04F79EFBC}") = "Phantom.Utils.Cryptography", "Utils\Phantom.Utils.Cryptography\Phantom.Utils.Cryptography.csproj", "{31661196-164A-4F92-86A1-31F13F4E4C83}"
EndProject
Project("{FAE04EC0-301F-11D3-BF4B-00C04F79EFBC}") = "Phantom.Utils.Events", "Utils\Phantom.Utils.Events\Phantom.Utils.Events.csproj", "{2E81523B-5DBE-4992-A77B-1679758D0688}"
EndProject
Project("{FAE04EC0-301F-11D3-BF4B-00C04F79EFBC}") = "Phantom.Utils.IO", "Utils\Phantom.Utils.IO\Phantom.Utils.IO.csproj", "{388A2C9C-0EE2-45A4-B9EB-76FA12B1AF2E}"
EndProject
Project("{FAE04EC0-301F-11D3-BF4B-00C04F79EFBC}") = "Phantom.Utils.Rpc", "Utils\Phantom.Utils.Rpc\Phantom.Utils.Rpc.csproj", "{BB112660-7A20-45E6-9195-65363B74027F}"
EndProject
Project("{FAE04EC0-301F-11D3-BF4B-00C04F79EFBC}") = "Phantom.Utils.Runtime", "Utils\Phantom.Utils.Runtime\Phantom.Utils.Runtime.csproj", "{6D03AEE5-B40F-4FC5-84C0-C9643E4EF8BD}"
EndProject
Project("{FAE04EC0-301F-11D3-BF4B-00C04F79EFBC}") = "Phantom.Utils.Runtime.Tests", "Utils\Phantom.Utils.Runtime.Tests\Phantom.Utils.Runtime.Tests.csproj", "{742599E6-2FC2-4B39-85B8-976C98013030}"
EndProject
Global
	GlobalSection(SolutionConfigurationPlatforms) = preSolution
		Debug|Any CPU = Debug|Any CPU
		Release|Any CPU = Release|Any CPU
	EndGlobalSection
	GlobalSection(ProjectConfigurationPlatforms) = postSolution
		{418BE1BF-9F63-4B46-B4E4-DF64C3B3DDA7}.Debug|Any CPU.ActiveCfg = Debug|Any CPU
		{418BE1BF-9F63-4B46-B4E4-DF64C3B3DDA7}.Debug|Any CPU.Build.0 = Debug|Any CPU
		{418BE1BF-9F63-4B46-B4E4-DF64C3B3DDA7}.Release|Any CPU.ActiveCfg = Release|Any CPU
		{418BE1BF-9F63-4B46-B4E4-DF64C3B3DDA7}.Release|Any CPU.Build.0 = Release|Any CPU
		{9FE000D0-91AC-4CB4-8956-91CCC0270015}.Debug|Any CPU.ActiveCfg = Debug|Any CPU
		{9FE000D0-91AC-4CB4-8956-91CCC0270015}.Debug|Any CPU.Build.0 = Debug|Any CPU
		{9FE000D0-91AC-4CB4-8956-91CCC0270015}.Release|Any CPU.ActiveCfg = Release|Any CPU
		{9FE000D0-91AC-4CB4-8956-91CCC0270015}.Release|Any CPU.Build.0 = Release|Any CPU
		{665C7B87-0165-48BC-B6A6-17A3812A70C9}.Debug|Any CPU.ActiveCfg = Debug|Any CPU
		{665C7B87-0165-48BC-B6A6-17A3812A70C9}.Debug|Any CPU.Build.0 = Debug|Any CPU
		{665C7B87-0165-48BC-B6A6-17A3812A70C9}.Release|Any CPU.ActiveCfg = Release|Any CPU
		{665C7B87-0165-48BC-B6A6-17A3812A70C9}.Release|Any CPU.Build.0 = Release|Any CPU
		{AEE8B77E-AB07-423F-9981-8CD829ACB834}.Debug|Any CPU.ActiveCfg = Debug|Any CPU
		{AEE8B77E-AB07-423F-9981-8CD829ACB834}.Debug|Any CPU.Build.0 = Debug|Any CPU
		{AEE8B77E-AB07-423F-9981-8CD829ACB834}.Release|Any CPU.ActiveCfg = Release|Any CPU
		{AEE8B77E-AB07-423F-9981-8CD829ACB834}.Release|Any CPU.Build.0 = Release|Any CPU
		{6C3DB1E5-F695-4D70-8F3A-78C2957274BE}.Debug|Any CPU.ActiveCfg = Debug|Any CPU
		{6C3DB1E5-F695-4D70-8F3A-78C2957274BE}.Debug|Any CPU.Build.0 = Debug|Any CPU
		{6C3DB1E5-F695-4D70-8F3A-78C2957274BE}.Release|Any CPU.ActiveCfg = Release|Any CPU
		{6C3DB1E5-F695-4D70-8F3A-78C2957274BE}.Release|Any CPU.Build.0 = Release|Any CPU
		{435D7981-DFDA-46A0-8CD8-CD8C117935D7}.Debug|Any CPU.ActiveCfg = Debug|Any CPU
		{435D7981-DFDA-46A0-8CD8-CD8C117935D7}.Debug|Any CPU.Build.0 = Debug|Any CPU
		{435D7981-DFDA-46A0-8CD8-CD8C117935D7}.Release|Any CPU.ActiveCfg = Release|Any CPU
		{435D7981-DFDA-46A0-8CD8-CD8C117935D7}.Release|Any CPU.Build.0 = Release|Any CPU
		{D7F55010-B3ED-42A5-8D83-E754FFC5F2A2}.Debug|Any CPU.ActiveCfg = Debug|Any CPU
		{D7F55010-B3ED-42A5-8D83-E754FFC5F2A2}.Debug|Any CPU.Build.0 = Debug|Any CPU
		{D7F55010-B3ED-42A5-8D83-E754FFC5F2A2}.Release|Any CPU.ActiveCfg = Release|Any CPU
		{D7F55010-B3ED-42A5-8D83-E754FFC5F2A2}.Release|Any CPU.Build.0 = Release|Any CPU
		{48278E42-17BB-442B-9877-ACCE0C02C268}.Debug|Any CPU.ActiveCfg = Debug|Any CPU
		{48278E42-17BB-442B-9877-ACCE0C02C268}.Debug|Any CPU.Build.0 = Debug|Any CPU
		{48278E42-17BB-442B-9877-ACCE0C02C268}.Release|Any CPU.ActiveCfg = Release|Any CPU
		{48278E42-17BB-442B-9877-ACCE0C02C268}.Release|Any CPU.Build.0 = Release|Any CPU
		{95B55357-F8F0-48C2-A1C2-5EA997651783}.Debug|Any CPU.ActiveCfg = Debug|Any CPU
		{95B55357-F8F0-48C2-A1C2-5EA997651783}.Debug|Any CPU.Build.0 = Debug|Any CPU
		{95B55357-F8F0-48C2-A1C2-5EA997651783}.Release|Any CPU.ActiveCfg = Release|Any CPU
		{95B55357-F8F0-48C2-A1C2-5EA997651783}.Release|Any CPU.Build.0 = Release|Any CPU
		{A0F1C595-96B6-4DBF-8C16-6B99223F8F35}.Debug|Any CPU.ActiveCfg = Debug|Any CPU
		{A0F1C595-96B6-4DBF-8C16-6B99223F8F35}.Debug|Any CPU.Build.0 = Debug|Any CPU
		{A0F1C595-96B6-4DBF-8C16-6B99223F8F35}.Release|Any CPU.ActiveCfg = Release|Any CPU
		{A0F1C595-96B6-4DBF-8C16-6B99223F8F35}.Release|Any CPU.Build.0 = Release|Any CPU
		{E3AD566F-384A-489A-A3BB-EA3BA400C18C}.Debug|Any CPU.ActiveCfg = Debug|Any CPU
		{E3AD566F-384A-489A-A3BB-EA3BA400C18C}.Debug|Any CPU.Build.0 = Debug|Any CPU
		{E3AD566F-384A-489A-A3BB-EA3BA400C18C}.Release|Any CPU.ActiveCfg = Release|Any CPU
		{E3AD566F-384A-489A-A3BB-EA3BA400C18C}.Release|Any CPU.Build.0 = Release|Any CPU
		{81625B4A-3DB6-48BD-A739-D23DA02107D1}.Debug|Any CPU.ActiveCfg = Debug|Any CPU
		{81625B4A-3DB6-48BD-A739-D23DA02107D1}.Debug|Any CPU.Build.0 = Debug|Any CPU
		{81625B4A-3DB6-48BD-A739-D23DA02107D1}.Release|Any CPU.ActiveCfg = Release|Any CPU
		{81625B4A-3DB6-48BD-A739-D23DA02107D1}.Release|Any CPU.Build.0 = Release|Any CPU
		{4B3B73E6-48DD-4846-87FD-DFB86619B67C}.Debug|Any CPU.ActiveCfg = Debug|Any CPU
		{4B3B73E6-48DD-4846-87FD-DFB86619B67C}.Debug|Any CPU.Build.0 = Debug|Any CPU
		{4B3B73E6-48DD-4846-87FD-DFB86619B67C}.Release|Any CPU.ActiveCfg = Release|Any CPU
		{4B3B73E6-48DD-4846-87FD-DFB86619B67C}.Release|Any CPU.Build.0 = Release|Any CPU
		{79312D72-44E0-431D-96A4-4C0A066B9671}.Debug|Any CPU.ActiveCfg = Debug|Any CPU
		{79312D72-44E0-431D-96A4-4C0A066B9671}.Debug|Any CPU.Build.0 = Debug|Any CPU
		{79312D72-44E0-431D-96A4-4C0A066B9671}.Release|Any CPU.ActiveCfg = Release|Any CPU
		{79312D72-44E0-431D-96A4-4C0A066B9671}.Release|Any CPU.Build.0 = Release|Any CPU
		{90F0F1B1-EB0A-49C9-8DF0-1153A87F77C9}.Debug|Any CPU.ActiveCfg = Debug|Any CPU
		{90F0F1B1-EB0A-49C9-8DF0-1153A87F77C9}.Debug|Any CPU.Build.0 = Debug|Any CPU
		{90F0F1B1-EB0A-49C9-8DF0-1153A87F77C9}.Release|Any CPU.ActiveCfg = Release|Any CPU
		{90F0F1B1-EB0A-49C9-8DF0-1153A87F77C9}.Release|Any CPU.Build.0 = Release|Any CPU
		{7CA2E5FE-E507-4DC6-930C-E18711A9F856}.Debug|Any CPU.ActiveCfg = Debug|Any CPU
		{7CA2E5FE-E507-4DC6-930C-E18711A9F856}.Debug|Any CPU.Build.0 = Debug|Any CPU
		{7CA2E5FE-E507-4DC6-930C-E18711A9F856}.Release|Any CPU.ActiveCfg = Release|Any CPU
		{7CA2E5FE-E507-4DC6-930C-E18711A9F856}.Release|Any CPU.Build.0 = Release|Any CPU
		{3F4F9059-F869-42D3-B92C-90D27ADFC42D}.Debug|Any CPU.ActiveCfg = Debug|Any CPU
		{3F4F9059-F869-42D3-B92C-90D27ADFC42D}.Debug|Any CPU.Build.0 = Debug|Any CPU
		{3F4F9059-F869-42D3-B92C-90D27ADFC42D}.Release|Any CPU.ActiveCfg = Release|Any CPU
		{3F4F9059-F869-42D3-B92C-90D27ADFC42D}.Release|Any CPU.Build.0 = Release|Any CPU
		{A9870842-FE7A-4760-95DC-9D485DDDA31F}.Debug|Any CPU.ActiveCfg = Debug|Any CPU
		{A9870842-FE7A-4760-95DC-9D485DDDA31F}.Debug|Any CPU.Build.0 = Debug|Any CPU
		{A9870842-FE7A-4760-95DC-9D485DDDA31F}.Release|Any CPU.ActiveCfg = Release|Any CPU
		{A9870842-FE7A-4760-95DC-9D485DDDA31F}.Release|Any CPU.Build.0 = Release|Any CPU
		{444AC6C1-E0E1-45C3-965E-BFA818D70913}.Debug|Any CPU.ActiveCfg = Debug|Any CPU
		{444AC6C1-E0E1-45C3-965E-BFA818D70913}.Debug|Any CPU.Build.0 = Debug|Any CPU
		{444AC6C1-E0E1-45C3-965E-BFA818D70913}.Release|Any CPU.ActiveCfg = Release|Any CPU
		{444AC6C1-E0E1-45C3-965E-BFA818D70913}.Release|Any CPU.Build.0 = Release|Any CPU
		{C418CCDB-2D7E-4B66-8C86-029928AA80A8}.Debug|Any CPU.ActiveCfg = Debug|Any CPU
		{C418CCDB-2D7E-4B66-8C86-029928AA80A8}.Debug|Any CPU.Build.0 = Debug|Any CPU
		{C418CCDB-2D7E-4B66-8C86-029928AA80A8}.Release|Any CPU.ActiveCfg = Release|Any CPU
		{C418CCDB-2D7E-4B66-8C86-029928AA80A8}.Release|Any CPU.Build.0 = Release|Any CPU
		{31661196-164A-4F92-86A1-31F13F4E4C83}.Debug|Any CPU.ActiveCfg = Debug|Any CPU
		{31661196-164A-4F92-86A1-31F13F4E4C83}.Debug|Any CPU.Build.0 = Debug|Any CPU
		{31661196-164A-4F92-86A1-31F13F4E4C83}.Release|Any CPU.ActiveCfg = Release|Any CPU
		{31661196-164A-4F92-86A1-31F13F4E4C83}.Release|Any CPU.Build.0 = Release|Any CPU
		{2E81523B-5DBE-4992-A77B-1679758D0688}.Debug|Any CPU.ActiveCfg = Debug|Any CPU
		{2E81523B-5DBE-4992-A77B-1679758D0688}.Debug|Any CPU.Build.0 = Debug|Any CPU
		{2E81523B-5DBE-4992-A77B-1679758D0688}.Release|Any CPU.ActiveCfg = Release|Any CPU
		{2E81523B-5DBE-4992-A77B-1679758D0688}.Release|Any CPU.Build.0 = Release|Any CPU
		{388A2C9C-0EE2-45A4-B9EB-76FA12B1AF2E}.Debug|Any CPU.ActiveCfg = Debug|Any CPU
		{388A2C9C-0EE2-45A4-B9EB-76FA12B1AF2E}.Debug|Any CPU.Build.0 = Debug|Any CPU
		{388A2C9C-0EE2-45A4-B9EB-76FA12B1AF2E}.Release|Any CPU.ActiveCfg = Release|Any CPU
		{388A2C9C-0EE2-45A4-B9EB-76FA12B1AF2E}.Release|Any CPU.Build.0 = Release|Any CPU
		{BB112660-7A20-45E6-9195-65363B74027F}.Debug|Any CPU.ActiveCfg = Debug|Any CPU
		{BB112660-7A20-45E6-9195-65363B74027F}.Debug|Any CPU.Build.0 = Debug|Any CPU
		{BB112660-7A20-45E6-9195-65363B74027F}.Release|Any CPU.ActiveCfg = Release|Any CPU
		{BB112660-7A20-45E6-9195-65363B74027F}.Release|Any CPU.Build.0 = Release|Any CPU
		{6D03AEE5-B40F-4FC5-84C0-C9643E4EF8BD}.Debug|Any CPU.ActiveCfg = Debug|Any CPU
		{6D03AEE5-B40F-4FC5-84C0-C9643E4EF8BD}.Debug|Any CPU.Build.0 = Debug|Any CPU
		{6D03AEE5-B40F-4FC5-84C0-C9643E4EF8BD}.Release|Any CPU.ActiveCfg = Release|Any CPU
		{6D03AEE5-B40F-4FC5-84C0-C9643E4EF8BD}.Release|Any CPU.Build.0 = Release|Any CPU
		{742599E6-2FC2-4B39-85B8-976C98013030}.Debug|Any CPU.ActiveCfg = Debug|Any CPU
		{742599E6-2FC2-4B39-85B8-976C98013030}.Debug|Any CPU.Build.0 = Debug|Any CPU
		{742599E6-2FC2-4B39-85B8-976C98013030}.Release|Any CPU.ActiveCfg = Release|Any CPU
		{742599E6-2FC2-4B39-85B8-976C98013030}.Release|Any CPU.Build.0 = Release|Any CPU
	EndGlobalSection
	GlobalSection(NestedProjects) = preSolution
		{418BE1BF-9F63-4B46-B4E4-DF64C3B3DDA7} = {F5878792-64C8-4ECF-A075-66341FF97127}
		{9FE000D0-91AC-4CB4-8956-91CCC0270015} = {F5878792-64C8-4ECF-A075-66341FF97127}
		{665C7B87-0165-48BC-B6A6-17A3812A70C9} = {F5878792-64C8-4ECF-A075-66341FF97127}
		{AEE8B77E-AB07-423F-9981-8CD829ACB834} = {F5878792-64C8-4ECF-A075-66341FF97127}
		{6C3DB1E5-F695-4D70-8F3A-78C2957274BE} = {01CB1A81-8950-471C-BFDF-F135FDDB2C18}
		{D7F55010-B3ED-42A5-8D83-E754FFC5F2A2} = {01CB1A81-8950-471C-BFDF-F135FDDB2C18}
		{48278E42-17BB-442B-9877-ACCE0C02C268} = {01CB1A81-8950-471C-BFDF-F135FDDB2C18}
		{95B55357-F8F0-48C2-A1C2-5EA997651783} = {01CB1A81-8950-471C-BFDF-F135FDDB2C18}
		{435D7981-DFDA-46A0-8CD8-CD8C117935D7} = {D781E00D-8563-4102-A0CD-477A679193B5}
		{A0F1C595-96B6-4DBF-8C16-6B99223F8F35} = {8AC8FB6C-033A-4626-820F-ED0F908756B2}
		{E3AD566F-384A-489A-A3BB-EA3BA400C18C} = {8AC8FB6C-033A-4626-820F-ED0F908756B2}
		{81625B4A-3DB6-48BD-A739-D23DA02107D1} = {8AC8FB6C-033A-4626-820F-ED0F908756B2}
		{4B3B73E6-48DD-4846-87FD-DFB86619B67C} = {8AC8FB6C-033A-4626-820F-ED0F908756B2}
		{79312D72-44E0-431D-96A4-4C0A066B9671} = {8AC8FB6C-033A-4626-820F-ED0F908756B2}
		{90F0F1B1-EB0A-49C9-8DF0-1153A87F77C9} = {8AC8FB6C-033A-4626-820F-ED0F908756B2}
		{7CA2E5FE-E507-4DC6-930C-E18711A9F856} = {8AC8FB6C-033A-4626-820F-ED0F908756B2}
		{83FA86DB-34E4-4C2C-832C-90F491CA10C7} = {8AC8FB6C-033A-4626-820F-ED0F908756B2}
		{3F4F9059-F869-42D3-B92C-90D27ADFC42D} = {8AC8FB6C-033A-4626-820F-ED0F908756B2}
		{A9870842-FE7A-4760-95DC-9D485DDDA31F} = {8AC8FB6C-033A-4626-820F-ED0F908756B2}
		{444AC6C1-E0E1-45C3-965E-BFA818D70913} = {AA217EB8-E480-456B-BDF3-39419EF2AD85}
		{31661196-164A-4F92-86A1-31F13F4E4C83} = {AA217EB8-E480-456B-BDF3-39419EF2AD85}
		{2E81523B-5DBE-4992-A77B-1679758D0688} = {AA217EB8-E480-456B-BDF3-39419EF2AD85}
		{388A2C9C-0EE2-45A4-B9EB-76FA12B1AF2E} = {AA217EB8-E480-456B-BDF3-39419EF2AD85}
		{BB112660-7A20-45E6-9195-65363B74027F} = {AA217EB8-E480-456B-BDF3-39419EF2AD85}
		{6D03AEE5-B40F-4FC5-84C0-C9643E4EF8BD} = {AA217EB8-E480-456B-BDF3-39419EF2AD85}
		{C418CCDB-2D7E-4B66-8C86-029928AA80A8} = {7A3C7B26-26A0-49B9-8505-5F8267C10F10}
		{742599E6-2FC2-4B39-85B8-976C98013030} = {7A3C7B26-26A0-49B9-8505-5F8267C10F10}
	EndGlobalSection
EndGlobal
