
Microsoft Visual Studio Solution File, Format Version 12.00
Project("{2150E333-8FDC-42A3-9474-1A3956D46DE8}") = "Agent", "Agent", "{F5878792-64C8-4ECF-A075-66341FF97127}"
EndProject
Project("{2150E333-8FDC-42A3-9474-1A3956D46DE8}") = "Common", "Common", "{01CB1A81-8950-471C-BFDF-F135FDDB2C18}"
EndProject
Project("{2150E333-8FDC-42A3-9474-1A3956D46DE8}") = "Common.Tests", "Common.Tests", "{D781E00D-8563-4102-A0CD-477A679193B5}"
EndProject
Project("{2150E333-8FDC-42A3-9474-1A3956D46DE8}") = "Controller", "Controller", "{0AB9471E-6228-4EB7-802E-3102B3952AAD}"
EndProject
Project("{2150E333-8FDC-42A3-9474-1A3956D46DE8}") = "Utils", "Utils", "{AA217EB8-E480-456B-BDF3-39419EF2AD85}"
EndProject
Project("{2150E333-8FDC-42A3-9474-1A3956D46DE8}") = "Utils.Tests", "Utils.Tests", "{7A3C7B26-26A0-49B9-8505-5F8267C10F10}"
EndProject
Project("{2150E333-8FDC-42A3-9474-1A3956D46DE8}") = "Web", "Web", "{92B26F48-235F-4500-BD55-800F06A0BA39}"
EndProject
Project("{FAE04EC0-301F-11D3-BF4B-00C04F79EFBC}") = "Phantom.Agent", "Agent\Phantom.Agent\Phantom.Agent.csproj", "{418BE1BF-9F63-4B46-B4E4-DF64C3B3DDA7}"
EndProject
Project("{FAE04EC0-301F-11D3-BF4B-00C04F79EFBC}") = "Phantom.Agent.Minecraft", "Agent\Phantom.Agent.Minecraft\Phantom.Agent.Minecraft.csproj", "{9FE000D0-91AC-4CB4-8956-91CCC0270015}"
EndProject
Project("{FAE04EC0-301F-11D3-BF4B-00C04F79EFBC}") = "Phantom.Agent.Services", "Agent\Phantom.Agent.Services\Phantom.Agent.Services.csproj", "{AEE8B77E-AB07-423F-9981-8CD829ACB834}"
EndProject
Project("{FAE04EC0-301F-11D3-BF4B-00C04F79EFBC}") = "Phantom.Common.Data", "Common\Phantom.Common.Data\Phantom.Common.Data.csproj", "{6C3DB1E5-F695-4D70-8F3A-78C2957274BE}"
EndProject
Project("{FAE04EC0-301F-11D3-BF4B-00C04F79EFBC}") = "Phantom.Common.Data.Tests", "Common\Phantom.Common.Data.Tests\Phantom.Common.Data.Tests.csproj", "{435D7981-DFDA-46A0-8CD8-CD8C117935D7}"
EndProject
Project("{FAE04EC0-301F-11D3-BF4B-00C04F79EFBC}") = "Phantom.Common.Data.Web", "Common\Phantom.Common.Data.Web\Phantom.Common.Data.Web.csproj", "{BC969D0B-0019-48E0-9FAF-F5CC906AAF09}"
EndProject
Project("{FAE04EC0-301F-11D3-BF4B-00C04F79EFBC}") = "Phantom.Common.Messages.Agent", "Common\Phantom.Common.Messages.Agent\Phantom.Common.Messages.Agent.csproj", "{95B55357-F8F0-48C2-A1C2-5EA997651783}"
EndProject
Project("{FAE04EC0-301F-11D3-BF4B-00C04F79EFBC}") = "Phantom.Common.Messages.Web", "Common\Phantom.Common.Messages.Web\Phantom.Common.Messages.Web.csproj", "{6E798DEB-8921-41A2-8AFB-E4416A9E0704}"
EndProject
Project("{FAE04EC0-301F-11D3-BF4B-00C04F79EFBC}") = "Phantom.Controller", "Controller\Phantom.Controller\Phantom.Controller.csproj", "{A0F1C595-96B6-4DBF-8C16-6B99223F8F35}"
EndProject
Project("{FAE04EC0-301F-11D3-BF4B-00C04F79EFBC}") = "Phantom.Controller.Database", "Controller\Phantom.Controller.Database\Phantom.Controller.Database.csproj", "{E3AD566F-384A-489A-A3BB-EA3BA400C18C}"
EndProject
Project("{FAE04EC0-301F-11D3-BF4B-00C04F79EFBC}") = "Phantom.Controller.Database.Postgres", "Controller\Phantom.Controller.Database.Postgres\Phantom.Controller.Database.Postgres.csproj", "{81625B4A-3DB6-48BD-A739-D23DA02107D1}"
EndProject
Project("{FAE04EC0-301F-11D3-BF4B-00C04F79EFBC}") = "Phantom.Controller.Minecraft", "Controller\Phantom.Controller.Minecraft\Phantom.Controller.Minecraft.csproj", "{4B3B73E6-48DD-4846-87FD-DFB86619B67C}"
EndProject
Project("{FAE04EC0-301F-11D3-BF4B-00C04F79EFBC}") = "Phantom.Controller.Services", "Controller\Phantom.Controller.Services\Phantom.Controller.Services.csproj", "{90F0F1B1-EB0A-49C9-8DF0-1153A87F77C9}"
EndProject
Project("{FAE04EC0-301F-11D3-BF4B-00C04F79EFBC}") = "Phantom.Utils", "Utils\Phantom.Utils\Phantom.Utils.csproj", "{384885E2-5113-45C5-9B15-09BDA0911852}"
EndProject
Project("{FAE04EC0-301F-11D3-BF4B-00C04F79EFBC}") = "Phantom.Utils.Actor", "Utils\Phantom.Utils.Actor\Phantom.Utils.Actor.csproj", "{BBFF32C1-A98A-44BF-9023-04344BBB896B}"
EndProject
Project("{FAE04EC0-301F-11D3-BF4B-00C04F79EFBC}") = "Phantom.Utils.Events", "Utils\Phantom.Utils.Events\Phantom.Utils.Events.csproj", "{2E81523B-5DBE-4992-A77B-1679758D0688}"
EndProject
Project("{FAE04EC0-301F-11D3-BF4B-00C04F79EFBC}") = "Phantom.Utils.Logging", "Utils\Phantom.Utils.Logging\Phantom.Utils.Logging.csproj", "{FCA141F5-4F18-47C2-9855-14E326FF1219}"
EndProject
Project("{FAE04EC0-301F-11D3-BF4B-00C04F79EFBC}") = "Phantom.Utils.Rpc", "Utils\Phantom.Utils.Rpc\Phantom.Utils.Rpc.csproj", "{BB112660-7A20-45E6-9195-65363B74027F}"
EndProject
Project("{FAE04EC0-301F-11D3-BF4B-00C04F79EFBC}") = "Phantom.Utils.Tests", "Utils\Phantom.Utils.Tests\Phantom.Utils.Tests.csproj", "{742599E6-2FC2-4B39-85B8-976C98013030}"
EndProject
Project("{FAE04EC0-301F-11D3-BF4B-00C04F79EFBC}") = "Phantom.Web", "Web\Phantom.Web\Phantom.Web.csproj", "{7CA2E5FE-E507-4DC6-930C-E18711A9F856}"
EndProject
Project("{FAE04EC0-301F-11D3-BF4B-00C04F79EFBC}") = "Phantom.Web.Bootstrap", "Web\Phantom.Web.Bootstrap\Phantom.Web.Bootstrap.proj", "{83FA86DB-34E4-4C2C-832C-90F491CA10C7}"
EndProject
Project("{FAE04EC0-301F-11D3-BF4B-00C04F79EFBC}") = "Phantom.Web.Components", "Web\Phantom.Web.Components\Phantom.Web.Components.csproj", "{3F4F9059-F869-42D3-B92C-90D27ADFC42D}"
EndProject
Project("{FAE04EC0-301F-11D3-BF4B-00C04F79EFBC}") = "Phantom.Web.Services", "Web\Phantom.Web.Services\Phantom.Web.Services.csproj", "{7B0EEE34-A586-4629-AC51-16757DE53261}"
EndProject
Global
	GlobalSection(SolutionConfigurationPlatforms) = preSolution
		Debug|Any CPU = Debug|Any CPU
		Release|Any CPU = Release|Any CPU
	EndGlobalSection
	GlobalSection(ProjectConfigurationPlatforms) = postSolution
		{418BE1BF-9F63-4B46-B4E4-DF64C3B3DDA7}.Debug|Any CPU.ActiveCfg = Debug|Any CPU
		{418BE1BF-9F63-4B46-B4E4-DF64C3B3DDA7}.Debug|Any CPU.Build.0 = Debug|Any CPU
		{418BE1BF-9F63-4B46-B4E4-DF64C3B3DDA7}.Release|Any CPU.ActiveCfg = Release|Any CPU
		{418BE1BF-9F63-4B46-B4E4-DF64C3B3DDA7}.Release|Any CPU.Build.0 = Release|Any CPU
		{9FE000D0-91AC-4CB4-8956-91CCC0270015}.Debug|Any CPU.ActiveCfg = Debug|Any CPU
		{9FE000D0-91AC-4CB4-8956-91CCC0270015}.Debug|Any CPU.Build.0 = Debug|Any CPU
		{9FE000D0-91AC-4CB4-8956-91CCC0270015}.Release|Any CPU.ActiveCfg = Release|Any CPU
		{9FE000D0-91AC-4CB4-8956-91CCC0270015}.Release|Any CPU.Build.0 = Release|Any CPU
		{AEE8B77E-AB07-423F-9981-8CD829ACB834}.Debug|Any CPU.ActiveCfg = Debug|Any CPU
		{AEE8B77E-AB07-423F-9981-8CD829ACB834}.Debug|Any CPU.Build.0 = Debug|Any CPU
		{AEE8B77E-AB07-423F-9981-8CD829ACB834}.Release|Any CPU.ActiveCfg = Release|Any CPU
		{AEE8B77E-AB07-423F-9981-8CD829ACB834}.Release|Any CPU.Build.0 = Release|Any CPU
		{6C3DB1E5-F695-4D70-8F3A-78C2957274BE}.Debug|Any CPU.ActiveCfg = Debug|Any CPU
		{6C3DB1E5-F695-4D70-8F3A-78C2957274BE}.Debug|Any CPU.Build.0 = Debug|Any CPU
		{6C3DB1E5-F695-4D70-8F3A-78C2957274BE}.Release|Any CPU.ActiveCfg = Release|Any CPU
		{6C3DB1E5-F695-4D70-8F3A-78C2957274BE}.Release|Any CPU.Build.0 = Release|Any CPU
		{435D7981-DFDA-46A0-8CD8-CD8C117935D7}.Debug|Any CPU.ActiveCfg = Debug|Any CPU
		{435D7981-DFDA-46A0-8CD8-CD8C117935D7}.Debug|Any CPU.Build.0 = Debug|Any CPU
		{435D7981-DFDA-46A0-8CD8-CD8C117935D7}.Release|Any CPU.ActiveCfg = Release|Any CPU
		{435D7981-DFDA-46A0-8CD8-CD8C117935D7}.Release|Any CPU.Build.0 = Release|Any CPU
		{BC969D0B-0019-48E0-9FAF-F5CC906AAF09}.Debug|Any CPU.ActiveCfg = Debug|Any CPU
		{BC969D0B-0019-48E0-9FAF-F5CC906AAF09}.Debug|Any CPU.Build.0 = Debug|Any CPU
		{BC969D0B-0019-48E0-9FAF-F5CC906AAF09}.Release|Any CPU.ActiveCfg = Release|Any CPU
		{BC969D0B-0019-48E0-9FAF-F5CC906AAF09}.Release|Any CPU.Build.0 = Release|Any CPU
		{95B55357-F8F0-48C2-A1C2-5EA997651783}.Debug|Any CPU.ActiveCfg = Debug|Any CPU
		{95B55357-F8F0-48C2-A1C2-5EA997651783}.Debug|Any CPU.Build.0 = Debug|Any CPU
		{95B55357-F8F0-48C2-A1C2-5EA997651783}.Release|Any CPU.ActiveCfg = Release|Any CPU
		{95B55357-F8F0-48C2-A1C2-5EA997651783}.Release|Any CPU.Build.0 = Release|Any CPU
		{6E798DEB-8921-41A2-8AFB-E4416A9E0704}.Debug|Any CPU.ActiveCfg = Debug|Any CPU
		{6E798DEB-8921-41A2-8AFB-E4416A9E0704}.Debug|Any CPU.Build.0 = Debug|Any CPU
		{6E798DEB-8921-41A2-8AFB-E4416A9E0704}.Release|Any CPU.ActiveCfg = Release|Any CPU
		{6E798DEB-8921-41A2-8AFB-E4416A9E0704}.Release|Any CPU.Build.0 = Release|Any CPU
		{A0F1C595-96B6-4DBF-8C16-6B99223F8F35}.Debug|Any CPU.ActiveCfg = Debug|Any CPU
		{A0F1C595-96B6-4DBF-8C16-6B99223F8F35}.Debug|Any CPU.Build.0 = Debug|Any CPU
		{A0F1C595-96B6-4DBF-8C16-6B99223F8F35}.Release|Any CPU.ActiveCfg = Release|Any CPU
		{A0F1C595-96B6-4DBF-8C16-6B99223F8F35}.Release|Any CPU.Build.0 = Release|Any CPU
		{E3AD566F-384A-489A-A3BB-EA3BA400C18C}.Debug|Any CPU.ActiveCfg = Debug|Any CPU
		{E3AD566F-384A-489A-A3BB-EA3BA400C18C}.Debug|Any CPU.Build.0 = Debug|Any CPU
		{E3AD566F-384A-489A-A3BB-EA3BA400C18C}.Release|Any CPU.ActiveCfg = Release|Any CPU
		{E3AD566F-384A-489A-A3BB-EA3BA400C18C}.Release|Any CPU.Build.0 = Release|Any CPU
		{81625B4A-3DB6-48BD-A739-D23DA02107D1}.Debug|Any CPU.ActiveCfg = Debug|Any CPU
		{81625B4A-3DB6-48BD-A739-D23DA02107D1}.Debug|Any CPU.Build.0 = Debug|Any CPU
		{81625B4A-3DB6-48BD-A739-D23DA02107D1}.Release|Any CPU.ActiveCfg = Release|Any CPU
		{81625B4A-3DB6-48BD-A739-D23DA02107D1}.Release|Any CPU.Build.0 = Release|Any CPU
		{4B3B73E6-48DD-4846-87FD-DFB86619B67C}.Debug|Any CPU.ActiveCfg = Debug|Any CPU
		{4B3B73E6-48DD-4846-87FD-DFB86619B67C}.Debug|Any CPU.Build.0 = Debug|Any CPU
		{4B3B73E6-48DD-4846-87FD-DFB86619B67C}.Release|Any CPU.ActiveCfg = Release|Any CPU
		{4B3B73E6-48DD-4846-87FD-DFB86619B67C}.Release|Any CPU.Build.0 = Release|Any CPU
		{90F0F1B1-EB0A-49C9-8DF0-1153A87F77C9}.Debug|Any CPU.ActiveCfg = Debug|Any CPU
		{90F0F1B1-EB0A-49C9-8DF0-1153A87F77C9}.Debug|Any CPU.Build.0 = Debug|Any CPU
		{90F0F1B1-EB0A-49C9-8DF0-1153A87F77C9}.Release|Any CPU.ActiveCfg = Release|Any CPU
		{90F0F1B1-EB0A-49C9-8DF0-1153A87F77C9}.Release|Any CPU.Build.0 = Release|Any CPU
		{384885E2-5113-45C5-9B15-09BDA0911852}.Debug|Any CPU.ActiveCfg = Debug|Any CPU
		{384885E2-5113-45C5-9B15-09BDA0911852}.Debug|Any CPU.Build.0 = Debug|Any CPU
		{384885E2-5113-45C5-9B15-09BDA0911852}.Release|Any CPU.ActiveCfg = Release|Any CPU
		{384885E2-5113-45C5-9B15-09BDA0911852}.Release|Any CPU.Build.0 = Release|Any CPU
		{BBFF32C1-A98A-44BF-9023-04344BBB896B}.Debug|Any CPU.ActiveCfg = Debug|Any CPU
		{BBFF32C1-A98A-44BF-9023-04344BBB896B}.Debug|Any CPU.Build.0 = Debug|Any CPU
		{BBFF32C1-A98A-44BF-9023-04344BBB896B}.Release|Any CPU.ActiveCfg = Release|Any CPU
		{BBFF32C1-A98A-44BF-9023-04344BBB896B}.Release|Any CPU.Build.0 = Release|Any CPU
		{2E81523B-5DBE-4992-A77B-1679758D0688}.Debug|Any CPU.ActiveCfg = Debug|Any CPU
		{2E81523B-5DBE-4992-A77B-1679758D0688}.Debug|Any CPU.Build.0 = Debug|Any CPU
		{2E81523B-5DBE-4992-A77B-1679758D0688}.Release|Any CPU.ActiveCfg = Release|Any CPU
		{2E81523B-5DBE-4992-A77B-1679758D0688}.Release|Any CPU.Build.0 = Release|Any CPU
		{FCA141F5-4F18-47C2-9855-14E326FF1219}.Debug|Any CPU.ActiveCfg = Debug|Any CPU
		{FCA141F5-4F18-47C2-9855-14E326FF1219}.Debug|Any CPU.Build.0 = Debug|Any CPU
		{FCA141F5-4F18-47C2-9855-14E326FF1219}.Release|Any CPU.ActiveCfg = Release|Any CPU
		{FCA141F5-4F18-47C2-9855-14E326FF1219}.Release|Any CPU.Build.0 = Release|Any CPU
		{BB112660-7A20-45E6-9195-65363B74027F}.Debug|Any CPU.ActiveCfg = Debug|Any CPU
		{BB112660-7A20-45E6-9195-65363B74027F}.Debug|Any CPU.Build.0 = Debug|Any CPU
		{BB112660-7A20-45E6-9195-65363B74027F}.Release|Any CPU.ActiveCfg = Release|Any CPU
		{BB112660-7A20-45E6-9195-65363B74027F}.Release|Any CPU.Build.0 = Release|Any CPU
		{742599E6-2FC2-4B39-85B8-976C98013030}.Debug|Any CPU.ActiveCfg = Debug|Any CPU
		{742599E6-2FC2-4B39-85B8-976C98013030}.Debug|Any CPU.Build.0 = Debug|Any CPU
		{742599E6-2FC2-4B39-85B8-976C98013030}.Release|Any CPU.ActiveCfg = Release|Any CPU
		{742599E6-2FC2-4B39-85B8-976C98013030}.Release|Any CPU.Build.0 = Release|Any CPU
		{7CA2E5FE-E507-4DC6-930C-E18711A9F856}.Debug|Any CPU.ActiveCfg = Debug|Any CPU
		{7CA2E5FE-E507-4DC6-930C-E18711A9F856}.Debug|Any CPU.Build.0 = Debug|Any CPU
		{7CA2E5FE-E507-4DC6-930C-E18711A9F856}.Release|Any CPU.ActiveCfg = Release|Any CPU
		{7CA2E5FE-E507-4DC6-930C-E18711A9F856}.Release|Any CPU.Build.0 = Release|Any CPU
		{3F4F9059-F869-42D3-B92C-90D27ADFC42D}.Debug|Any CPU.ActiveCfg = Debug|Any CPU
		{3F4F9059-F869-42D3-B92C-90D27ADFC42D}.Debug|Any CPU.Build.0 = Debug|Any CPU
		{3F4F9059-F869-42D3-B92C-90D27ADFC42D}.Release|Any CPU.ActiveCfg = Release|Any CPU
		{3F4F9059-F869-42D3-B92C-90D27ADFC42D}.Release|Any CPU.Build.0 = Release|Any CPU
		{7B0EEE34-A586-4629-AC51-16757DE53261}.Debug|Any CPU.ActiveCfg = Debug|Any CPU
		{7B0EEE34-A586-4629-AC51-16757DE53261}.Debug|Any CPU.Build.0 = Debug|Any CPU
		{7B0EEE34-A586-4629-AC51-16757DE53261}.Release|Any CPU.ActiveCfg = Release|Any CPU
		{7B0EEE34-A586-4629-AC51-16757DE53261}.Release|Any CPU.Build.0 = Release|Any CPU
	EndGlobalSection
	GlobalSection(NestedProjects) = preSolution
		{418BE1BF-9F63-4B46-B4E4-DF64C3B3DDA7} = {F5878792-64C8-4ECF-A075-66341FF97127}
		{9FE000D0-91AC-4CB4-8956-91CCC0270015} = {F5878792-64C8-4ECF-A075-66341FF97127}
		{AEE8B77E-AB07-423F-9981-8CD829ACB834} = {F5878792-64C8-4ECF-A075-66341FF97127}
		{6C3DB1E5-F695-4D70-8F3A-78C2957274BE} = {01CB1A81-8950-471C-BFDF-F135FDDB2C18}
		{95B55357-F8F0-48C2-A1C2-5EA997651783} = {01CB1A81-8950-471C-BFDF-F135FDDB2C18}
		{6E798DEB-8921-41A2-8AFB-E4416A9E0704} = {01CB1A81-8950-471C-BFDF-F135FDDB2C18}
		{435D7981-DFDA-46A0-8CD8-CD8C117935D7} = {D781E00D-8563-4102-A0CD-477A679193B5}
		{BC969D0B-0019-48E0-9FAF-F5CC906AAF09} = {01CB1A81-8950-471C-BFDF-F135FDDB2C18}
		{A0F1C595-96B6-4DBF-8C16-6B99223F8F35} = {0AB9471E-6228-4EB7-802E-3102B3952AAD}
		{E3AD566F-384A-489A-A3BB-EA3BA400C18C} = {0AB9471E-6228-4EB7-802E-3102B3952AAD}
		{81625B4A-3DB6-48BD-A739-D23DA02107D1} = {0AB9471E-6228-4EB7-802E-3102B3952AAD}
		{4B3B73E6-48DD-4846-87FD-DFB86619B67C} = {0AB9471E-6228-4EB7-802E-3102B3952AAD}
		{90F0F1B1-EB0A-49C9-8DF0-1153A87F77C9} = {0AB9471E-6228-4EB7-802E-3102B3952AAD}
		{384885E2-5113-45C5-9B15-09BDA0911852} = {AA217EB8-E480-456B-BDF3-39419EF2AD85}
		{BBFF32C1-A98A-44BF-9023-04344BBB896B} = {AA217EB8-E480-456B-BDF3-39419EF2AD85}
		{2E81523B-5DBE-4992-A77B-1679758D0688} = {AA217EB8-E480-456B-BDF3-39419EF2AD85}
		{FCA141F5-4F18-47C2-9855-14E326FF1219} = {AA217EB8-E480-456B-BDF3-39419EF2AD85}
		{BB112660-7A20-45E6-9195-65363B74027F} = {AA217EB8-E480-456B-BDF3-39419EF2AD85}
		{742599E6-2FC2-4B39-85B8-976C98013030} = {7A3C7B26-26A0-49B9-8505-5F8267C10F10}
		{7CA2E5FE-E507-4DC6-930C-E18711A9F856} = {92B26F48-235F-4500-BD55-800F06A0BA39}
		{83FA86DB-34E4-4C2C-832C-90F491CA10C7} = {92B26F48-235F-4500-BD55-800F06A0BA39}
		{3F4F9059-F869-42D3-B92C-90D27ADFC42D} = {92B26F48-235F-4500-BD55-800F06A0BA39}
		{7B0EEE34-A586-4629-AC51-16757DE53261} = {92B26F48-235F-4500-BD55-800F06A0BA39}
	EndGlobalSection
EndGlobal
