
Microsoft Visual Studio Solution File, Format Version 12.00
Project("{2150E333-8FDC-42A3-9474-1A3956D46DE8}") = "Agent", "Agent", "{F5878792-64C8-4ECF-A075-66341FF97127}"
EndProject
Project("{2150E333-8FDC-42A3-9474-1A3956D46DE8}") = "Server", "Server", "{8AC8FB6C-033A-4626-820F-ED0F908756B2}"
EndProject
Project("{FAE04EC0-301F-11D3-BF4B-00C04F79EFBC}") = "Phantom.Server.Web", "Server\Phantom.Server.Web\Phantom.Server.Web.csproj", "{7CA2E5FE-E507-4DC6-930C-E18711A9F856}"
EndProject
Project("{FAE04EC0-301F-11D3-BF4B-00C04F79EFBC}") = "Phantom.Agent", "Agent\Phantom.Agent\Phantom.Agent.csproj", "{418BE1BF-9F63-4B46-B4E4-DF64C3B3DDA7}"
EndProject
Project("{FAE04EC0-301F-11D3-BF4B-00C04F79EFBC}") = "Phantom.Server.Application", "Server\Phantom.Server.Application\Phantom.Server.Application.csproj", "{A0F1C595-96B6-4DBF-8C16-6B99223F8F35}"
EndProject
Project("{2150E333-8FDC-42A3-9474-1A3956D46DE8}") = "Utils", "Utils", "{AA217EB8-E480-456B-BDF3-39419EF2AD85}"
EndProject
Project("{FAE04EC0-301F-11D3-BF4B-00C04F79EFBC}") = "Phantom.Utils.Terminal", "Utils\Phantom.Utils.Terminal\Phantom.Utils.Terminal.csproj", "{CBFD84FC-7ED6-4FD3-8B1E-37582B5B5B54}"
EndProject
Project("{FAE04EC0-301F-11D3-BF4B-00C04F79EFBC}") = "Phantom.Agent.Minecraft", "Agent\Phantom.Agent.Minecraft\Phantom.Agent.Minecraft.csproj", "{9FE000D0-91AC-4CB4-8956-91CCC0270015}"
EndProject
Project("{FAE04EC0-301F-11D3-BF4B-00C04F79EFBC}") = "Phantom.Utils.Collections", "Utils\Phantom.Utils.Collections\Phantom.Utils.Collections.csproj", "{444AC6C1-E0E1-45C3-965E-BFA818D70913}"
EndProject
Project("{2150E333-8FDC-42A3-9474-1A3956D46DE8}") = "Utils.Tests", "Utils.Tests", "{7A3C7B26-26A0-49B9-8505-5F8267C10F10}"
EndProject
Project("{FAE04EC0-301F-11D3-BF4B-00C04F79EFBC}") = "Tests.Phantom.Utils.Collections", "Utils\Tests.Phantom.Utils.Collections\Tests.Phantom.Utils.Collections.csproj", "{C418CCDB-2D7E-4B66-8C86-029928AA80A8}"
EndProject
Project("{FAE04EC0-301F-11D3-BF4B-00C04F79EFBC}") = "Phantom.Utils.Cryptography", "Utils\Phantom.Utils.Cryptography\Phantom.Utils.Cryptography.csproj", "{31661196-164A-4F92-86A1-31F13F4E4C83}"
EndProject
Project("{FAE04EC0-301F-11D3-BF4B-00C04F79EFBC}") = "Phantom.Utils.Threading", "Utils\Phantom.Utils.Threading\Phantom.Utils.Threading.csproj", "{EC040867-A508-4C9A-9206-550D0D996C84}"
EndProject
Project("{FAE04EC0-301F-11D3-BF4B-00C04F79EFBC}") = "Phantom.Agent.Command", "Agent\Phantom.Agent.Command\Phantom.Agent.Command.csproj", "{82978FDC-B084-4CC4-9426-108EB17A2831}"
EndProject
Global
	GlobalSection(SolutionConfigurationPlatforms) = preSolution
		Debug|Any CPU = Debug|Any CPU
		Release|Any CPU = Release|Any CPU
	EndGlobalSection
	GlobalSection(ProjectConfigurationPlatforms) = postSolution
		{7CA2E5FE-E507-4DC6-930C-E18711A9F856}.Debug|Any CPU.ActiveCfg = Debug|Any CPU
		{7CA2E5FE-E507-4DC6-930C-E18711A9F856}.Debug|Any CPU.Build.0 = Debug|Any CPU
		{7CA2E5FE-E507-4DC6-930C-E18711A9F856}.Release|Any CPU.ActiveCfg = Release|Any CPU
		{7CA2E5FE-E507-4DC6-930C-E18711A9F856}.Release|Any CPU.Build.0 = Release|Any CPU
		{418BE1BF-9F63-4B46-B4E4-DF64C3B3DDA7}.Debug|Any CPU.ActiveCfg = Debug|Any CPU
		{418BE1BF-9F63-4B46-B4E4-DF64C3B3DDA7}.Debug|Any CPU.Build.0 = Debug|Any CPU
		{418BE1BF-9F63-4B46-B4E4-DF64C3B3DDA7}.Release|Any CPU.ActiveCfg = Release|Any CPU
		{418BE1BF-9F63-4B46-B4E4-DF64C3B3DDA7}.Release|Any CPU.Build.0 = Release|Any CPU
		{A0F1C595-96B6-4DBF-8C16-6B99223F8F35}.Debug|Any CPU.ActiveCfg = Debug|Any CPU
		{A0F1C595-96B6-4DBF-8C16-6B99223F8F35}.Debug|Any CPU.Build.0 = Debug|Any CPU
		{A0F1C595-96B6-4DBF-8C16-6B99223F8F35}.Release|Any CPU.ActiveCfg = Release|Any CPU
		{A0F1C595-96B6-4DBF-8C16-6B99223F8F35}.Release|Any CPU.Build.0 = Release|Any CPU
		{CBFD84FC-7ED6-4FD3-8B1E-37582B5B5B54}.Debug|Any CPU.ActiveCfg = Debug|Any CPU
		{CBFD84FC-7ED6-4FD3-8B1E-37582B5B5B54}.Debug|Any CPU.Build.0 = Debug|Any CPU
		{CBFD84FC-7ED6-4FD3-8B1E-37582B5B5B54}.Release|Any CPU.ActiveCfg = Release|Any CPU
		{CBFD84FC-7ED6-4FD3-8B1E-37582B5B5B54}.Release|Any CPU.Build.0 = Release|Any CPU
		{9FE000D0-91AC-4CB4-8956-91CCC0270015}.Debug|Any CPU.ActiveCfg = Debug|Any CPU
		{9FE000D0-91AC-4CB4-8956-91CCC0270015}.Debug|Any CPU.Build.0 = Debug|Any CPU
		{9FE000D0-91AC-4CB4-8956-91CCC0270015}.Release|Any CPU.ActiveCfg = Release|Any CPU
		{9FE000D0-91AC-4CB4-8956-91CCC0270015}.Release|Any CPU.Build.0 = Release|Any CPU
		{444AC6C1-E0E1-45C3-965E-BFA818D70913}.Debug|Any CPU.ActiveCfg = Debug|Any CPU
		{444AC6C1-E0E1-45C3-965E-BFA818D70913}.Debug|Any CPU.Build.0 = Debug|Any CPU
		{444AC6C1-E0E1-45C3-965E-BFA818D70913}.Release|Any CPU.ActiveCfg = Release|Any CPU
		{444AC6C1-E0E1-45C3-965E-BFA818D70913}.Release|Any CPU.Build.0 = Release|Any CPU
		{C418CCDB-2D7E-4B66-8C86-029928AA80A8}.Debug|Any CPU.ActiveCfg = Debug|Any CPU
		{C418CCDB-2D7E-4B66-8C86-029928AA80A8}.Debug|Any CPU.Build.0 = Debug|Any CPU
		{C418CCDB-2D7E-4B66-8C86-029928AA80A8}.Release|Any CPU.ActiveCfg = Release|Any CPU
		{C418CCDB-2D7E-4B66-8C86-029928AA80A8}.Release|Any CPU.Build.0 = Release|Any CPU
		{31661196-164A-4F92-86A1-31F13F4E4C83}.Debug|Any CPU.ActiveCfg = Debug|Any CPU
		{31661196-164A-4F92-86A1-31F13F4E4C83}.Debug|Any CPU.Build.0 = Debug|Any CPU
		{31661196-164A-4F92-86A1-31F13F4E4C83}.Release|Any CPU.ActiveCfg = Release|Any CPU
		{31661196-164A-4F92-86A1-31F13F4E4C83}.Release|Any CPU.Build.0 = Release|Any CPU
		{EC040867-A508-4C9A-9206-550D0D996C84}.Debug|Any CPU.ActiveCfg = Debug|Any CPU
		{EC040867-A508-4C9A-9206-550D0D996C84}.Debug|Any CPU.Build.0 = Debug|Any CPU
		{EC040867-A508-4C9A-9206-550D0D996C84}.Release|Any CPU.ActiveCfg = Release|Any CPU
		{EC040867-A508-4C9A-9206-550D0D996C84}.Release|Any CPU.Build.0 = Release|Any CPU
		{82978FDC-B084-4CC4-9426-108EB17A2831}.Debug|Any CPU.ActiveCfg = Debug|Any CPU
		{82978FDC-B084-4CC4-9426-108EB17A2831}.Debug|Any CPU.Build.0 = Debug|Any CPU
		{82978FDC-B084-4CC4-9426-108EB17A2831}.Release|Any CPU.ActiveCfg = Release|Any CPU
		{82978FDC-B084-4CC4-9426-108EB17A2831}.Release|Any CPU.Build.0 = Release|Any CPU
	EndGlobalSection
	GlobalSection(NestedProjects) = preSolution
		{7CA2E5FE-E507-4DC6-930C-E18711A9F856} = {8AC8FB6C-033A-4626-820F-ED0F908756B2}
		{418BE1BF-9F63-4B46-B4E4-DF64C3B3DDA7} = {F5878792-64C8-4ECF-A075-66341FF97127}
		{A0F1C595-96B6-4DBF-8C16-6B99223F8F35} = {8AC8FB6C-033A-4626-820F-ED0F908756B2}
		{CBFD84FC-7ED6-4FD3-8B1E-37582B5B5B54} = {AA217EB8-E480-456B-BDF3-39419EF2AD85}
		{9FE000D0-91AC-4CB4-8956-91CCC0270015} = {F5878792-64C8-4ECF-A075-66341FF97127}
		{444AC6C1-E0E1-45C3-965E-BFA818D70913} = {AA217EB8-E480-456B-BDF3-39419EF2AD85}
		{C418CCDB-2D7E-4B66-8C86-029928AA80A8} = {7A3C7B26-26A0-49B9-8505-5F8267C10F10}
		{31661196-164A-4F92-86A1-31F13F4E4C83} = {AA217EB8-E480-456B-BDF3-39419EF2AD85}
		{EC040867-A508-4C9A-9206-550D0D996C84} = {AA217EB8-E480-456B-BDF3-39419EF2AD85}
		{82978FDC-B084-4CC4-9426-108EB17A2831} = {F5878792-64C8-4ECF-A075-66341FF97127}
	EndGlobalSection
EndGlobal
